// !$*UTF8*$!
{
	archiveVersion = 1;
	classes = {
	};
	objectVersion = 56;
	objects = {

/* Begin PBXBuildFile section */
		BF6036802A140AB600E1DDA3 /* AppDelegate.swift in Sources */ = {isa = PBXBuildFile; fileRef = BF60367F2A140AB600E1DDA3 /* AppDelegate.swift */; };
		BF6036822A140AB600E1DDA3 /* SceneDelegate.swift in Sources */ = {isa = PBXBuildFile; fileRef = BF6036812A140AB600E1DDA3 /* SceneDelegate.swift */; };
		BF6036872A140AB600E1DDA3 /* Main.storyboard in Resources */ = {isa = PBXBuildFile; fileRef = BF6036852A140AB600E1DDA3 /* Main.storyboard */; };
		BF6036892A140AB700E1DDA3 /* Assets.xcassets in Resources */ = {isa = PBXBuildFile; fileRef = BF6036882A140AB700E1DDA3 /* Assets.xcassets */; };
		BF60368C2A140AB700E1DDA3 /* LaunchScreen.storyboard in Resources */ = {isa = PBXBuildFile; fileRef = BF60368A2A140AB700E1DDA3 /* LaunchScreen.storyboard */; };
		BF6036942A140B4200E1DDA3 /* TableViewController.swift in Sources */ = {isa = PBXBuildFile; fileRef = BF6036932A140B4200E1DDA3 /* TableViewController.swift */; };
		BF6036962A140F0700E1DDA3 /* DetailsViewController.swift in Sources */ = {isa = PBXBuildFile; fileRef = BF6036952A140F0700E1DDA3 /* DetailsViewController.swift */; };
		BF6036982A14140000E1DDA3 /* MonthModel.swift in Sources */ = {isa = PBXBuildFile; fileRef = BF6036972A14140000E1DDA3 /* MonthModel.swift */; };
/* End PBXBuildFile section */

/* Begin PBXFileReference section */
		BF60367C2A140AB600E1DDA3 /* SimpleUITableView910.app */ = {isa = PBXFileReference; explicitFileType = wrapper.application; includeInIndex = 0; path = SimpleUITableView910.app; sourceTree = BUILT_PRODUCTS_DIR; };
		BF60367F2A140AB600E1DDA3 /* AppDelegate.swift */ = {isa = PBXFileReference; lastKnownFileType = sourcecode.swift; path = AppDelegate.swift; sourceTree = "<group>"; };
		BF6036812A140AB600E1DDA3 /* SceneDelegate.swift */ = {isa = PBXFileReference; lastKnownFileType = sourcecode.swift; path = SceneDelegate.swift; sourceTree = "<group>"; };
		BF6036862A140AB600E1DDA3 /* Base */ = {isa = PBXFileReference; lastKnownFileType = file.storyboard; name = Base; path = Base.lproj/Main.storyboard; sourceTree = "<group>"; };
		BF6036882A140AB700E1DDA3 /* Assets.xcassets */ = {isa = PBXFileReference; lastKnownFileType = folder.assetcatalog; path = Assets.xcassets; sourceTree = "<group>"; };
		BF60368B2A140AB700E1DDA3 /* Base */ = {isa = PBXFileReference; lastKnownFileType = file.storyboard; name = Base; path = Base.lproj/LaunchScreen.storyboard; sourceTree = "<group>"; };
		BF60368D2A140AB700E1DDA3 /* Info.plist */ = {isa = PBXFileReference; lastKnownFileType = text.plist.xml; path = Info.plist; sourceTree = "<group>"; };
		BF6036932A140B4200E1DDA3 /* TableViewController.swift */ = {isa = PBXFileReference; lastKnownFileType = sourcecode.swift; path = TableViewController.swift; sourceTree = "<group>"; };
		BF6036952A140F0700E1DDA3 /* DetailsViewController.swift */ = {isa = PBXFileReference; lastKnownFileType = sourcecode.swift; path = DetailsViewController.swift; sourceTree = "<group>"; };
		BF6036972A14140000E1DDA3 /* MonthModel.swift */ = {isa = PBXFileReference; lastKnownFileType = sourcecode.swift; path = MonthModel.swift; sourceTree = "<group>"; };
/* End PBXFileReference section */

/* Begin PBXFrameworksBuildPhase section */
		BF6036792A140AB600E1DDA3 /* Frameworks */ = {
			isa = PBXFrameworksBuildPhase;
			buildActionMask = 2147483647;
			files = (
			);
			runOnlyForDeploymentPostprocessing = 0;
		};
/* End PBXFrameworksBuildPhase section */

/* Begin PBXGroup section */
		BF6036732A140AB600E1DDA3 = {
			isa = PBXGroup;
			children = (
				BF60367E2A140AB600E1DDA3 /* Task910SimpleUITableView */,
				BF60367D2A140AB600E1DDA3 /* Products */,
			);
			sourceTree = "<group>";
		};
		BF60367D2A140AB600E1DDA3 /* Products */ = {
			isa = PBXGroup;
			children = (
				BF60367C2A140AB600E1DDA3 /* SimpleUITableView910.app */,
			);
			name = Products;
			sourceTree = "<group>";
		};
		BF60367E2A140AB600E1DDA3 /* Task910SimpleUITableView */ = {
			isa = PBXGroup;
			children = (
				BF60367F2A140AB600E1DDA3 /* AppDelegate.swift */,
				BF6036812A140AB600E1DDA3 /* SceneDelegate.swift */,
				BF6036932A140B4200E1DDA3 /* TableViewController.swift */,
				BF6036952A140F0700E1DDA3 /* DetailsViewController.swift */,
				BF6036972A14140000E1DDA3 /* MonthModel.swift */,
				BF6036852A140AB600E1DDA3 /* Main.storyboard */,
				BF6036882A140AB700E1DDA3 /* Assets.xcassets */,
				BF60368A2A140AB700E1DDA3 /* LaunchScreen.storyboard */,
				BF60368D2A140AB700E1DDA3 /* Info.plist */,
			);
			path = Task910SimpleUITableView;
			sourceTree = "<group>";
		};
/* End PBXGroup section */

/* Begin PBXNativeTarget section */
		BF60367B2A140AB600E1DDA3 /* SimpleUITableView910 */ = {
			isa = PBXNativeTarget;
			buildConfigurationList = BF6036902A140AB700E1DDA3 /* Build configuration list for PBXNativeTarget "SimpleUITableView910" */;
			buildPhases = (
				BF6036782A140AB600E1DDA3 /* Sources */,
				BF6036792A140AB600E1DDA3 /* Frameworks */,
				BF60367A2A140AB600E1DDA3 /* Resources */,
			);
			buildRules = (
			);
			dependencies = (
			);
			name = SimpleUITableView910;
			productName = SimpleUITableView910;
			productReference = BF60367C2A140AB600E1DDA3 /* SimpleUITableView910.app */;
			productType = "com.apple.product-type.application";
		};
/* End PBXNativeTarget section */

/* Begin PBXProject section */
		BF6036742A140AB600E1DDA3 /* Project object */ = {
			isa = PBXProject;
			attributes = {
				BuildIndependentTargetsInParallel = 1;
				LastSwiftUpdateCheck = 1430;
				LastUpgradeCheck = 1430;
				TargetAttributes = {
					BF60367B2A140AB600E1DDA3 = {
						CreatedOnToolsVersion = 14.3;
					};
				};
			};
			buildConfigurationList = BF6036772A140AB600E1DDA3 /* Build configuration list for PBXProject "Task910SimpleUITableView" */;
			compatibilityVersion = "Xcode 14.0";
			developmentRegion = en;
			hasScannedForEncodings = 0;
			knownRegions = (
				en,
				Base,
			);
			mainGroup = BF6036732A140AB600E1DDA3;
			productRefGroup = BF60367D2A140AB600E1DDA3 /* Products */;
			projectDirPath = "";
			projectRoot = "";
			targets = (
				BF60367B2A140AB600E1DDA3 /* SimpleUITableView910 */,
			);
		};
/* End PBXProject section */

/* Begin PBXResourcesBuildPhase section */
		BF60367A2A140AB600E1DDA3 /* Resources */ = {
			isa = PBXResourcesBuildPhase;
			buildActionMask = 2147483647;
			files = (
				BF60368C2A140AB700E1DDA3 /* LaunchScreen.storyboard in Resources */,
				BF6036892A140AB700E1DDA3 /* Assets.xcassets in Resources */,
				BF6036872A140AB600E1DDA3 /* Main.storyboard in Resources */,
			);
			runOnlyForDeploymentPostprocessing = 0;
		};
/* End PBXResourcesBuildPhase section */

/* Begin PBXSourcesBuildPhase section */
		BF6036782A140AB600E1DDA3 /* Sources */ = {
			isa = PBXSourcesBuildPhase;
			buildActionMask = 2147483647;
			files = (
				BF6036802A140AB600E1DDA3 /* AppDelegate.swift in Sources */,
				BF6036942A140B4200E1DDA3 /* TableViewController.swift in Sources */,
				BF6036822A140AB600E1DDA3 /* SceneDelegate.swift in Sources */,
				BF6036982A14140000E1DDA3 /* MonthModel.swift in Sources */,
				BF6036962A140F0700E1DDA3 /* DetailsViewController.swift in Sources */,
			);
			runOnlyForDeploymentPostprocessing = 0;
		};
/* End PBXSourcesBuildPhase section */

/* Begin PBXVariantGroup section */
		BF6036852A140AB600E1DDA3 /* Main.storyboard */ = {
			isa = PBXVariantGroup;
			children = (
				BF6036862A140AB600E1DDA3 /* Base */,
			);
			name = Main.storyboard;
			sourceTree = "<group>";
		};
		BF60368A2A140AB700E1DDA3 /* LaunchScreen.storyboard */ = {
			isa = PBXVariantGroup;
			children = (
				BF60368B2A140AB700E1DDA3 /* Base */,
			);
			name = LaunchScreen.storyboard;
			sourceTree = "<group>";
		};
/* End PBXVariantGroup section */

/* Begin XCBuildConfiguration section */
		BF60368E2A140AB700E1DDA3 /* Debug */ = {
			isa = XCBuildConfiguration;
			buildSettings = {
				ALWAYS_SEARCH_USER_PATHS = NO;
				CLANG_ANALYZER_NONNULL = YES;
				CLANG_ANALYZER_NUMBER_OBJECT_CONVERSION = YES_AGGRESSIVE;
				CLANG_CXX_LANGUAGE_STANDARD = "gnu++20";
				CLANG_ENABLE_MODULES = YES;
				CLANG_ENABLE_OBJC_ARC = YES;
				CLANG_ENABLE_OBJC_WEAK = YES;
				CLANG_WARN_BLOCK_CAPTURE_AUTORELEASING = YES;
				CLANG_WARN_BOOL_CONVERSION = YES;
				CLANG_WARN_COMMA = YES;
				CLANG_WARN_CONSTANT_CONVERSION = YES;
				CLANG_WARN_DEPRECATED_OBJC_IMPLEMENTATIONS = YES;
				CLANG_WARN_DIRECT_OBJC_ISA_USAGE = YES_ERROR;
				CLANG_WARN_DOCUMENTATION_COMMENTS = YES;
				CLANG_WARN_EMPTY_BODY = YES;
				CLANG_WARN_ENUM_CONVERSION = YES;
				CLANG_WARN_INFINITE_RECURSION = YES;
				CLANG_WARN_INT_CONVERSION = YES;
				CLANG_WARN_NON_LITERAL_NULL_CONVERSION = YES;
				CLANG_WARN_OBJC_IMPLICIT_RETAIN_SELF = YES;
				CLANG_WARN_OBJC_LITERAL_CONVERSION = YES;
				CLANG_WARN_OBJC_ROOT_CLASS = YES_ERROR;
				CLANG_WARN_QUOTED_INCLUDE_IN_FRAMEWORK_HEADER = YES;
				CLANG_WARN_RANGE_LOOP_ANALYSIS = YES;
				CLANG_WARN_STRICT_PROTOTYPES = YES;
				CLANG_WARN_SUSPICIOUS_MOVE = YES;
				CLANG_WARN_UNGUARDED_AVAILABILITY = YES_AGGRESSIVE;
				CLANG_WARN_UNREACHABLE_CODE = YES;
				CLANG_WARN__DUPLICATE_METHOD_MATCH = YES;
				COPY_PHASE_STRIP = NO;
				DEBUG_INFORMATION_FORMAT = dwarf;
				ENABLE_STRICT_OBJC_MSGSEND = YES;
				ENABLE_TESTABILITY = YES;
				GCC_C_LANGUAGE_STANDARD = gnu11;
				GCC_DYNAMIC_NO_PIC = NO;
				GCC_NO_COMMON_BLOCKS = YES;
				GCC_OPTIMIZATION_LEVEL = 0;
				GCC_PREPROCESSOR_DEFINITIONS = (
					"DEBUG=1",
					"$(inherited)",
				);
				GCC_WARN_64_TO_32_BIT_CONVERSION = YES;
				GCC_WARN_ABOUT_RETURN_TYPE = YES_ERROR;
				GCC_WARN_UNDECLARED_SELECTOR = YES;
				GCC_WARN_UNINITIALIZED_AUTOS = YES_AGGRESSIVE;
				GCC_WARN_UNUSED_FUNCTION = YES;
				GCC_WARN_UNUSED_VARIABLE = YES;
				IPHONEOS_DEPLOYMENT_TARGET = 16.4;
				MTL_ENABLE_DEBUG_INFO = INCLUDE_SOURCE;
				MTL_FAST_MATH = YES;
				ONLY_ACTIVE_ARCH = YES;
				SDKROOT = iphoneos;
				SWIFT_ACTIVE_COMPILATION_CONDITIONS = DEBUG;
				SWIFT_OPTIMIZATION_LEVEL = "-Onone";
			};
			name = Debug;
		};
		BF60368F2A140AB700E1DDA3 /* Release */ = {
			isa = XCBuildConfiguration;
			buildSettings = {
				ALWAYS_SEARCH_USER_PATHS = NO;
				CLANG_ANALYZER_NONNULL = YES;
				CLANG_ANALYZER_NUMBER_OBJECT_CONVERSION = YES_AGGRESSIVE;
				CLANG_CXX_LANGUAGE_STANDARD = "gnu++20";
				CLANG_ENABLE_MODULES = YES;
				CLANG_ENABLE_OBJC_ARC = YES;
				CLANG_ENABLE_OBJC_WEAK = YES;
				CLANG_WARN_BLOCK_CAPTURE_AUTORELEASING = YES;
				CLANG_WARN_BOOL_CONVERSION = YES;
				CLANG_WARN_COMMA = YES;
				CLANG_WARN_CONSTANT_CONVERSION = YES;
				CLANG_WARN_DEPRECATED_OBJC_IMPLEMENTATIONS = YES;
				CLANG_WARN_DIRECT_OBJC_ISA_USAGE = YES_ERROR;
				CLANG_WARN_DOCUMENTATION_COMMENTS = YES;
				CLANG_WARN_EMPTY_BODY = YES;
				CLANG_WARN_ENUM_CONVERSION = YES;
				CLANG_WARN_INFINITE_RECURSION = YES;
				CLANG_WARN_INT_CONVERSION = YES;
				CLANG_WARN_NON_LITERAL_NULL_CONVERSION = YES;
				CLANG_WARN_OBJC_IMPLICIT_RETAIN_SELF = YES;
				CLANG_WARN_OBJC_LITERAL_CONVERSION = YES;
				CLANG_WARN_OBJC_ROOT_CLASS = YES_ERROR;
				CLANG_WARN_QUOTED_INCLUDE_IN_FRAMEWORK_HEADER = YES;
				CLANG_WARN_RANGE_LOOP_ANALYSIS = YES;
				CLANG_WARN_STRICT_PROTOTYPES = YES;
				CLANG_WARN_SUSPICIOUS_MOVE = YES;
				CLANG_WARN_UNGUARDED_AVAILABILITY = YES_AGGRESSIVE;
				CLANG_WARN_UNREACHABLE_CODE = YES;
				CLANG_WARN__DUPLICATE_METHOD_MATCH = YES;
				COPY_PHASE_STRIP = NO;
				DEBUG_INFORMATION_FORMAT = "dwarf-with-dsym";
				ENABLE_NS_ASSERTIONS = NO;
				ENABLE_STRICT_OBJC_MSGSEND = YES;
				GCC_C_LANGUAGE_STANDARD = gnu11;
				GCC_NO_COMMON_BLOCKS = YES;
				GCC_WARN_64_TO_32_BIT_CONVERSION = YES;
				GCC_WARN_ABOUT_RETURN_TYPE = YES_ERROR;
				GCC_WARN_UNDECLARED_SELECTOR = YES;
				GCC_WARN_UNINITIALIZED_AUTOS = YES_AGGRESSIVE;
				GCC_WARN_UNUSED_FUNCTION = YES;
				GCC_WARN_UNUSED_VARIABLE = YES;
				IPHONEOS_DEPLOYMENT_TARGET = 16.4;
				MTL_ENABLE_DEBUG_INFO = NO;
				MTL_FAST_MATH = YES;
				SDKROOT = iphoneos;
				SWIFT_COMPILATION_MODE = wholemodule;
				SWIFT_OPTIMIZATION_LEVEL = "-O";
				VALIDATE_PRODUCT = YES;
			};
			name = Release;
		};
		BF6036912A140AB700E1DDA3 /* Debug */ = {
			isa = XCBuildConfiguration;
			buildSettings = {
				ASSETCATALOG_COMPILER_APPICON_NAME = AppIcon;
				ASSETCATALOG_COMPILER_GLOBAL_ACCENT_COLOR_NAME = AccentColor;
				CODE_SIGN_STYLE = Automatic;
				CURRENT_PROJECT_VERSION = 1;
				DEVELOPMENT_TEAM = 4799Y9AMJA;
				GENERATE_INFOPLIST_FILE = YES;
				INFOPLIST_FILE = Task910SimpleUITableView/Info.plist;
				INFOPLIST_KEY_UIApplicationSupportsIndirectInputEvents = YES;
				INFOPLIST_KEY_UILaunchStoryboardName = LaunchScreen;
				INFOPLIST_KEY_UIMainStoryboardFile = Main;
				INFOPLIST_KEY_UISupportedInterfaceOrientations_iPad = "UIInterfaceOrientationPortrait UIInterfaceOrientationPortraitUpsideDown UIInterfaceOrientationLandscapeLeft UIInterfaceOrientationLandscapeRight";
				INFOPLIST_KEY_UISupportedInterfaceOrientations_iPhone = "UIInterfaceOrientationPortrait UIInterfaceOrientationLandscapeLeft UIInterfaceOrientationLandscapeRight";
				LD_RUNPATH_SEARCH_PATHS = (
					"$(inherited)",
					"@executable_path/Frameworks",
				);
				MARKETING_VERSION = 1.0;
				PRODUCT_BUNDLE_IDENTIFIER = "Bohdan-Bakun.SimpleUITableView910";
				PRODUCT_NAME = "$(TARGET_NAME)";
				SUPPORTED_PLATFORMS = "iphoneos iphonesimulator";
				SUPPORTS_MACCATALYST = NO;
				SUPPORTS_MAC_DESIGNED_FOR_IPHONE_IPAD = NO;
				SWIFT_EMIT_LOC_STRINGS = YES;
				SWIFT_VERSION = 5.0;
				TARGETED_DEVICE_FAMILY = "1,2";
			};
			name = Debug;
		};
		BF6036922A140AB700E1DDA3 /* Release */ = {
			isa = XCBuildConfiguration;
			buildSettings = {
				ASSETCATALOG_COMPILER_APPICON_NAME = AppIcon;
				ASSETCATALOG_COMPILER_GLOBAL_ACCENT_COLOR_NAME = AccentColor;
				CODE_SIGN_STYLE = Automatic;
				CURRENT_PROJECT_VERSION = 1;
				DEVELOPMENT_TEAM = 4799Y9AMJA;
				GENERATE_INFOPLIST_FILE = YES;
				INFOPLIST_FILE = Task910SimpleUITableView/Info.plist;
				INFOPLIST_KEY_UIApplicationSupportsIndirectInputEvents = YES;
				INFOPLIST_KEY_UILaunchStoryboardName = LaunchScreen;
				INFOPLIST_KEY_UIMainStoryboardFile = Main;
				INFOPLIST_KEY_UISupportedInterfaceOrientations_iPad = "UIInterfaceOrientationPortrait UIInterfaceOrientationPortraitUpsideDown UIInterfaceOrientationLandscapeLeft UIInterfaceOrientationLandscapeRight";
				INFOPLIST_KEY_UISupportedInterfaceOrientations_iPhone = "UIInterfaceOrientationPortrait UIInterfaceOrientationLandscapeLeft UIInterfaceOrientationLandscapeRight";
				LD_RUNPATH_SEARCH_PATHS = (
					"$(inherited)",
					"@executable_path/Frameworks",
				);
				MARKETING_VERSION = 1.0;
				PRODUCT_BUNDLE_IDENTIFIER = "Bohdan-Bakun.SimpleUITableView910";
				PRODUCT_NAME = "$(TARGET_NAME)";
				SUPPORTED_PLATFORMS = "iphoneos iphonesimulator";
				SUPPORTS_MACCATALYST = NO;
				SUPPORTS_MAC_DESIGNED_FOR_IPHONE_IPAD = NO;
				SWIFT_EMIT_LOC_STRINGS = YES;
				SWIFT_VERSION = 5.0;
				TARGETED_DEVICE_FAMILY = "1,2";
			};
			name = Release;
		};
/* End XCBuildConfiguration section */

/* Begin XCConfigurationList section */
		BF6036772A140AB600E1DDA3 /* Build configuration list for PBXProject "Task910SimpleUITableView" */ = {
			isa = XCConfigurationList;
			buildConfigurations = (
				BF60368E2A140AB700E1DDA3 /* Debug */,
				BF60368F2A140AB700E1DDA3 /* Release */,
			);
			defaultConfigurationIsVisible = 0;
			defaultConfigurationName = Release;
		};
		BF6036902A140AB700E1DDA3 /* Build configuration list for PBXNativeTarget "SimpleUITableView910" */ = {
			isa = XCConfigurationList;
			buildConfigurations = (
				BF6036912A140AB700E1DDA3 /* Debug */,
				BF6036922A140AB700E1DDA3 /* Release */,
			);
			defaultConfigurationIsVisible = 0;
			defaultConfigurationName = Release;
		};
/* End XCConfigurationList section */
	};
	rootObject = BF6036742A140AB600E1DDA3 /* Project object */;
}
